// !$*UTF8*$!
{
	archiveVersion = 1;
	classes = {
	};
	objectVersion = 50;
	objects = {

/* Begin PBXBuildFile section */
		2749352723DFF30400004ED1 /* WebView.swift in Sources */ = {isa = PBXBuildFile; fileRef = 2749352623DFF30400004ED1 /* WebView.swift */; };
		275E3E6423D234D1004D5DAE /* GuessTheFlag.swift in Sources */ = {isa = PBXBuildFile; fileRef = 275E3E6323D234D1004D5DAE /* GuessTheFlag.swift */; };
		27F7436A23CCF80000254BCC /* AppDelegate.swift in Sources */ = {isa = PBXBuildFile; fileRef = 27F7436923CCF80000254BCC /* AppDelegate.swift */; };
		27F7436C23CCF80000254BCC /* SceneDelegate.swift in Sources */ = {isa = PBXBuildFile; fileRef = 27F7436B23CCF80000254BCC /* SceneDelegate.swift */; };
		27F7436E23CCF80000254BCC /* ContentView.swift in Sources */ = {isa = PBXBuildFile; fileRef = 27F7436D23CCF80000254BCC /* ContentView.swift */; };
		27F7437023CCF80200254BCC /* Assets.xcassets in Resources */ = {isa = PBXBuildFile; fileRef = 27F7436F23CCF80200254BCC /* Assets.xcassets */; };
		27F7437323CCF80200254BCC /* Preview Assets.xcassets in Resources */ = {isa = PBXBuildFile; fileRef = 27F7437223CCF80200254BCC /* Preview Assets.xcassets */; };
		27F7437623CCF80200254BCC /* LaunchScreen.storyboard in Resources */ = {isa = PBXBuildFile; fileRef = 27F7437423CCF80200254BCC /* LaunchScreen.storyboard */; };
		27F7438123CCF80200254BCC /* WeSplitTests.swift in Sources */ = {isa = PBXBuildFile; fileRef = 27F7438023CCF80200254BCC /* WeSplitTests.swift */; };
		27F7438C23CCF80200254BCC /* WeSplitUITests.swift in Sources */ = {isa = PBXBuildFile; fileRef = 27F7438B23CCF80200254BCC /* WeSplitUITests.swift */; };
/* End PBXBuildFile section */

/* Begin PBXContainerItemProxy section */
		27F7437D23CCF80200254BCC /* PBXContainerItemProxy */ = {
			isa = PBXContainerItemProxy;
			containerPortal = 27F7435E23CCF80000254BCC /* Project object */;
			proxyType = 1;
			remoteGlobalIDString = 27F7436523CCF80000254BCC;
			remoteInfo = WeSplit;
		};
		27F7438823CCF80200254BCC /* PBXContainerItemProxy */ = {
			isa = PBXContainerItemProxy;
			containerPortal = 27F7435E23CCF80000254BCC /* Project object */;
			proxyType = 1;
			remoteGlobalIDString = 27F7436523CCF80000254BCC;
			remoteInfo = WeSplit;
		};
/* End PBXContainerItemProxy section */

/* Begin PBXFileReference section */
		2749352623DFF30400004ED1 /* WebView.swift */ = {isa = PBXFileReference; lastKnownFileType = sourcecode.swift; path = WebView.swift; sourceTree = "<group>"; };
		275E3E6323D234D1004D5DAE /* GuessTheFlag.swift */ = {isa = PBXFileReference; lastKnownFileType = sourcecode.swift; path = GuessTheFlag.swift; sourceTree = "<group>"; };
		27F7436623CCF80000254BCC /* WeSplit.app */ = {isa = PBXFileReference; explicitFileType = wrapper.application; includeInIndex = 0; path = WeSplit.app; sourceTree = BUILT_PRODUCTS_DIR; };
		27F7436923CCF80000254BCC /* AppDelegate.swift */ = {isa = PBXFileReference; lastKnownFileType = sourcecode.swift; path = AppDelegate.swift; sourceTree = "<group>"; };
		27F7436B23CCF80000254BCC /* SceneDelegate.swift */ = {isa = PBXFileReference; lastKnownFileType = sourcecode.swift; path = SceneDelegate.swift; sourceTree = "<group>"; };
		27F7436D23CCF80000254BCC /* ContentView.swift */ = {isa = PBXFileReference; lastKnownFileType = sourcecode.swift; path = ContentView.swift; sourceTree = "<group>"; };
		27F7436F23CCF80200254BCC /* Assets.xcassets */ = {isa = PBXFileReference; lastKnownFileType = folder.assetcatalog; path = Assets.xcassets; sourceTree = "<group>"; };
		27F7437223CCF80200254BCC /* Preview Assets.xcassets */ = {isa = PBXFileReference; lastKnownFileType = folder.assetcatalog; path = "Preview Assets.xcassets"; sourceTree = "<group>"; };
		27F7437523CCF80200254BCC /* Base */ = {isa = PBXFileReference; lastKnownFileType = file.storyboard; name = Base; path = Base.lproj/LaunchScreen.storyboard; sourceTree = "<group>"; };
		27F7437723CCF80200254BCC /* Info.plist */ = {isa = PBXFileReference; lastKnownFileType = text.plist.xml; path = Info.plist; sourceTree = "<group>"; };
		27F7437C23CCF80200254BCC /* WeSplitTests.xctest */ = {isa = PBXFileReference; explicitFileType = wrapper.cfbundle; includeInIndex = 0; path = WeSplitTests.xctest; sourceTree = BUILT_PRODUCTS_DIR; };
		27F7438023CCF80200254BCC /* WeSplitTests.swift */ = {isa = PBXFileReference; lastKnownFileType = sourcecode.swift; path = WeSplitTests.swift; sourceTree = "<group>"; };
		27F7438223CCF80200254BCC /* Info.plist */ = {isa = PBXFileReference; lastKnownFileType = text.plist.xml; path = Info.plist; sourceTree = "<group>"; };
		27F7438723CCF80200254BCC /* WeSplitUITests.xctest */ = {isa = PBXFileReference; explicitFileType = wrapper.cfbundle; includeInIndex = 0; path = WeSplitUITests.xctest; sourceTree = BUILT_PRODUCTS_DIR; };
		27F7438B23CCF80200254BCC /* WeSplitUITests.swift */ = {isa = PBXFileReference; lastKnownFileType = sourcecode.swift; path = WeSplitUITests.swift; sourceTree = "<group>"; };
		27F7438D23CCF80200254BCC /* Info.plist */ = {isa = PBXFileReference; lastKnownFileType = text.plist.xml; path = Info.plist; sourceTree = "<group>"; };
/* End PBXFileReference section */

/* Begin PBXFrameworksBuildPhase section */
		27F7436323CCF80000254BCC /* Frameworks */ = {
			isa = PBXFrameworksBuildPhase;
			buildActionMask = 2147483647;
			files = (
			);
			runOnlyForDeploymentPostprocessing = 0;
		};
		27F7437923CCF80200254BCC /* Frameworks */ = {
			isa = PBXFrameworksBuildPhase;
			buildActionMask = 2147483647;
			files = (
			);
			runOnlyForDeploymentPostprocessing = 0;
		};
		27F7438423CCF80200254BCC /* Frameworks */ = {
			isa = PBXFrameworksBuildPhase;
			buildActionMask = 2147483647;
			files = (
			);
			runOnlyForDeploymentPostprocessing = 0;
		};
/* End PBXFrameworksBuildPhase section */

/* Begin PBXGroup section */
		27F7435D23CCF80000254BCC = {
			isa = PBXGroup;
			children = (
				27F7436823CCF80000254BCC /* WeSplit */,
				27F7437F23CCF80200254BCC /* WeSplitTests */,
				27F7438A23CCF80200254BCC /* WeSplitUITests */,
				27F7436723CCF80000254BCC /* Products */,
			);
			sourceTree = "<group>";
		};
		27F7436723CCF80000254BCC /* Products */ = {
			isa = PBXGroup;
			children = (
				27F7436623CCF80000254BCC /* WeSplit.app */,
				27F7437C23CCF80200254BCC /* WeSplitTests.xctest */,
				27F7438723CCF80200254BCC /* WeSplitUITests.xctest */,
			);
			name = Products;
			sourceTree = "<group>";
		};
		27F7436823CCF80000254BCC /* WeSplit */ = {
			isa = PBXGroup;
			children = (
				27F7436923CCF80000254BCC /* AppDelegate.swift */,
				27F7436B23CCF80000254BCC /* SceneDelegate.swift */,
				27F7436D23CCF80000254BCC /* ContentView.swift */,
				27F7436F23CCF80200254BCC /* Assets.xcassets */,
				27F7437423CCF80200254BCC /* LaunchScreen.storyboard */,
				27F7437723CCF80200254BCC /* Info.plist */,
				27F7437123CCF80200254BCC /* Preview Content */,
				275E3E6323D234D1004D5DAE /* GuessTheFlag.swift */,
				2749352623DFF30400004ED1 /* WebView.swift */,
			);
			path = WeSplit;
			sourceTree = "<group>";
		};
		27F7437123CCF80200254BCC /* Preview Content */ = {
			isa = PBXGroup;
			children = (
				27F7437223CCF80200254BCC /* Preview Assets.xcassets */,
			);
			path = "Preview Content";
			sourceTree = "<group>";
		};
		27F7437F23CCF80200254BCC /* WeSplitTests */ = {
			isa = PBXGroup;
			children = (
				27F7438023CCF80200254BCC /* WeSplitTests.swift */,
				27F7438223CCF80200254BCC /* Info.plist */,
			);
			path = WeSplitTests;
			sourceTree = "<group>";
		};
		27F7438A23CCF80200254BCC /* WeSplitUITests */ = {
			isa = PBXGroup;
			children = (
				27F7438B23CCF80200254BCC /* WeSplitUITests.swift */,
				27F7438D23CCF80200254BCC /* Info.plist */,
			);
			path = WeSplitUITests;
			sourceTree = "<group>";
		};
/* End PBXGroup section */

/* Begin PBXNativeTarget section */
		27F7436523CCF80000254BCC /* WeSplit */ = {
			isa = PBXNativeTarget;
			buildConfigurationList = 27F7439023CCF80200254BCC /* Build configuration list for PBXNativeTarget "WeSplit" */;
			buildPhases = (
				27F7436223CCF80000254BCC /* Sources */,
				27F7436323CCF80000254BCC /* Frameworks */,
				27F7436423CCF80000254BCC /* Resources */,
			);
			buildRules = (
			);
			dependencies = (
			);
			name = WeSplit;
			productName = WeSplit;
			productReference = 27F7436623CCF80000254BCC /* WeSplit.app */;
			productType = "com.apple.product-type.application";
		};
		27F7437B23CCF80200254BCC /* WeSplitTests */ = {
			isa = PBXNativeTarget;
			buildConfigurationList = 27F7439323CCF80200254BCC /* Build configuration list for PBXNativeTarget "WeSplitTests" */;
			buildPhases = (
				27F7437823CCF80200254BCC /* Sources */,
				27F7437923CCF80200254BCC /* Frameworks */,
				27F7437A23CCF80200254BCC /* Resources */,
			);
			buildRules = (
			);
			dependencies = (
				27F7437E23CCF80200254BCC /* PBXTargetDependency */,
			);
			name = WeSplitTests;
			productName = WeSplitTests;
			productReference = 27F7437C23CCF80200254BCC /* WeSplitTests.xctest */;
			productType = "com.apple.product-type.bundle.unit-test";
		};
		27F7438623CCF80200254BCC /* WeSplitUITests */ = {
			isa = PBXNativeTarget;
			buildConfigurationList = 27F7439623CCF80200254BCC /* Build configuration list for PBXNativeTarget "WeSplitUITests" */;
			buildPhases = (
				27F7438323CCF80200254BCC /* Sources */,
				27F7438423CCF80200254BCC /* Frameworks */,
				27F7438523CCF80200254BCC /* Resources */,
			);
			buildRules = (
			);
			dependencies = (
				27F7438923CCF80200254BCC /* PBXTargetDependency */,
			);
			name = WeSplitUITests;
			productName = WeSplitUITests;
			productReference = 27F7438723CCF80200254BCC /* WeSplitUITests.xctest */;
			productType = "com.apple.product-type.bundle.ui-testing";
		};
/* End PBXNativeTarget section */

/* Begin PBXProject section */
		27F7435E23CCF80000254BCC /* Project object */ = {
			isa = PBXProject;
			attributes = {
				LastSwiftUpdateCheck = 1120;
				LastUpgradeCheck = 1120;
				ORGANIZATIONNAME = "Sandeep Tomar";
				TargetAttributes = {
					27F7436523CCF80000254BCC = {
						CreatedOnToolsVersion = 11.2.1;
					};
					27F7437B23CCF80200254BCC = {
						CreatedOnToolsVersion = 11.2.1;
						TestTargetID = 27F7436523CCF80000254BCC;
					};
					27F7438623CCF80200254BCC = {
						CreatedOnToolsVersion = 11.2.1;
						TestTargetID = 27F7436523CCF80000254BCC;
					};
				};
			};
			buildConfigurationList = 27F7436123CCF80000254BCC /* Build configuration list for PBXProject "WeSplit" */;
			compatibilityVersion = "Xcode 9.3";
			developmentRegion = en;
			hasScannedForEncodings = 0;
			knownRegions = (
				en,
				Base,
			);
			mainGroup = 27F7435D23CCF80000254BCC;
			productRefGroup = 27F7436723CCF80000254BCC /* Products */;
			projectDirPath = "";
			projectRoot = "";
			targets = (
				27F7436523CCF80000254BCC /* WeSplit */,
				27F7437B23CCF80200254BCC /* WeSplitTests */,
				27F7438623CCF80200254BCC /* WeSplitUITests */,
			);
		};
/* End PBXProject section */

/* Begin PBXResourcesBuildPhase section */
		27F7436423CCF80000254BCC /* Resources */ = {
			isa = PBXResourcesBuildPhase;
			buildActionMask = 2147483647;
			files = (
				27F7437623CCF80200254BCC /* LaunchScreen.storyboard in Resources */,
				27F7437323CCF80200254BCC /* Preview Assets.xcassets in Resources */,
				27F7437023CCF80200254BCC /* Assets.xcassets in Resources */,
			);
			runOnlyForDeploymentPostprocessing = 0;
		};
		27F7437A23CCF80200254BCC /* Resources */ = {
			isa = PBXResourcesBuildPhase;
			buildActionMask = 2147483647;
			files = (
			);
			runOnlyForDeploymentPostprocessing = 0;
		};
		27F7438523CCF80200254BCC /* Resources */ = {
			isa = PBXResourcesBuildPhase;
			buildActionMask = 2147483647;
			files = (
			);
			runOnlyForDeploymentPostprocessing = 0;
		};
/* End PBXResourcesBuildPhase section */

/* Begin PBXSourcesBuildPhase section */
		27F7436223CCF80000254BCC /* Sources */ = {
			isa = PBXSourcesBuildPhase;
			buildActionMask = 2147483647;
			files = (
				27F7436A23CCF80000254BCC /* AppDelegate.swift in Sources */,
				2749352723DFF30400004ED1 /* WebView.swift in Sources */,
				275E3E6423D234D1004D5DAE /* GuessTheFlag.swift in Sources */,
				27F7436C23CCF80000254BCC /* SceneDelegate.swift in Sources */,
				27F7436E23CCF80000254BCC /* ContentView.swift in Sources */,
			);
			runOnlyForDeploymentPostprocessing = 0;
		};
		27F7437823CCF80200254BCC /* Sources */ = {
			isa = PBXSourcesBuildPhase;
			buildActionMask = 2147483647;
			files = (
				27F7438123CCF80200254BCC /* WeSplitTests.swift in Sources */,
			);
			runOnlyForDeploymentPostprocessing = 0;
		};
		27F7438323CCF80200254BCC /* Sources */ = {
			isa = PBXSourcesBuildPhase;
			buildActionMask = 2147483647;
			files = (
				27F7438C23CCF80200254BCC /* WeSplitUITests.swift in Sources */,
			);
			runOnlyForDeploymentPostprocessing = 0;
		};
/* End PBXSourcesBuildPhase section */

/* Begin PBXTargetDependency section */
		27F7437E23CCF80200254BCC /* PBXTargetDependency */ = {
			isa = PBXTargetDependency;
			target = 27F7436523CCF80000254BCC /* WeSplit */;
			targetProxy = 27F7437D23CCF80200254BCC /* PBXContainerItemProxy */;
		};
		27F7438923CCF80200254BCC /* PBXTargetDependency */ = {
			isa = PBXTargetDependency;
			target = 27F7436523CCF80000254BCC /* WeSplit */;
			targetProxy = 27F7438823CCF80200254BCC /* PBXContainerItemProxy */;
		};
/* End PBXTargetDependency section */

/* Begin PBXVariantGroup section */
		27F7437423CCF80200254BCC /* LaunchScreen.storyboard */ = {
			isa = PBXVariantGroup;
			children = (
				27F7437523CCF80200254BCC /* Base */,
			);
			name = LaunchScreen.storyboard;
			sourceTree = "<group>";
		};
/* End PBXVariantGroup section */

/* Begin XCBuildConfiguration section */
		27F7438E23CCF80200254BCC /* Debug */ = {
			isa = XCBuildConfiguration;
			buildSettings = {
				ALWAYS_SEARCH_USER_PATHS = NO;
				CLANG_ANALYZER_NONNULL = YES;
				CLANG_ANALYZER_NUMBER_OBJECT_CONVERSION = YES_AGGRESSIVE;
				CLANG_CXX_LANGUAGE_STANDARD = "gnu++14";
				CLANG_CXX_LIBRARY = "libc++";
				CLANG_ENABLE_MODULES = YES;
				CLANG_ENABLE_OBJC_ARC = YES;
				CLANG_ENABLE_OBJC_WEAK = YES;
				CLANG_WARN_BLOCK_CAPTURE_AUTORELEASING = YES;
				CLANG_WARN_BOOL_CONVERSION = YES;
				CLANG_WARN_COMMA = YES;
				CLANG_WARN_CONSTANT_CONVERSION = YES;
				CLANG_WARN_DEPRECATED_OBJC_IMPLEMENTATIONS = YES;
				CLANG_WARN_DIRECT_OBJC_ISA_USAGE = YES_ERROR;
				CLANG_WARN_DOCUMENTATION_COMMENTS = YES;
				CLANG_WARN_EMPTY_BODY = YES;
				CLANG_WARN_ENUM_CONVERSION = YES;
				CLANG_WARN_INFINITE_RECURSION = YES;
				CLANG_WARN_INT_CONVERSION = YES;
				CLANG_WARN_NON_LITERAL_NULL_CONVERSION = YES;
				CLANG_WARN_OBJC_IMPLICIT_RETAIN_SELF = YES;
				CLANG_WARN_OBJC_LITERAL_CONVERSION = YES;
				CLANG_WARN_OBJC_ROOT_CLASS = YES_ERROR;
				CLANG_WARN_RANGE_LOOP_ANALYSIS = YES;
				CLANG_WARN_STRICT_PROTOTYPES = YES;
				CLANG_WARN_SUSPICIOUS_MOVE = YES;
				CLANG_WARN_UNGUARDED_AVAILABILITY = YES_AGGRESSIVE;
				CLANG_WARN_UNREACHABLE_CODE = YES;
				CLANG_WARN__DUPLICATE_METHOD_MATCH = YES;
				COPY_PHASE_STRIP = NO;
				DEBUG_INFORMATION_FORMAT = dwarf;
				ENABLE_STRICT_OBJC_MSGSEND = YES;
				ENABLE_TESTABILITY = YES;
				GCC_C_LANGUAGE_STANDARD = gnu11;
				GCC_DYNAMIC_NO_PIC = NO;
				GCC_NO_COMMON_BLOCKS = YES;
				GCC_OPTIMIZATION_LEVEL = 0;
				GCC_PREPROCESSOR_DEFINITIONS = (
					"DEBUG=1",
					"$(inherited)",
				);
				GCC_WARN_64_TO_32_BIT_CONVERSION = YES;
				GCC_WARN_ABOUT_RETURN_TYPE = YES_ERROR;
				GCC_WARN_UNDECLARED_SELECTOR = YES;
				GCC_WARN_UNINITIALIZED_AUTOS = YES_AGGRESSIVE;
				GCC_WARN_UNUSED_FUNCTION = YES;
				GCC_WARN_UNUSED_VARIABLE = YES;
				IPHONEOS_DEPLOYMENT_TARGET = 13.2;
				MTL_ENABLE_DEBUG_INFO = INCLUDE_SOURCE;
				MTL_FAST_MATH = YES;
				ONLY_ACTIVE_ARCH = YES;
				SDKROOT = iphoneos;
				SWIFT_ACTIVE_COMPILATION_CONDITIONS = DEBUG;
				SWIFT_OPTIMIZATION_LEVEL = "-Onone";
			};
			name = Debug;
		};
		27F7438F23CCF80200254BCC /* Release */ = {
			isa = XCBuildConfiguration;
			buildSettings = {
				ALWAYS_SEARCH_USER_PATHS = NO;
				CLANG_ANALYZER_NONNULL = YES;
				CLANG_ANALYZER_NUMBER_OBJECT_CONVERSION = YES_AGGRESSIVE;
				CLANG_CXX_LANGUAGE_STANDARD = "gnu++14";
				CLANG_CXX_LIBRARY = "libc++";
				CLANG_ENABLE_MODULES = YES;
				CLANG_ENABLE_OBJC_ARC = YES;
				CLANG_ENABLE_OBJC_WEAK = YES;
				CLANG_WARN_BLOCK_CAPTURE_AUTORELEASING = YES;
				CLANG_WARN_BOOL_CONVERSION = YES;
				CLANG_WARN_COMMA = YES;
				CLANG_WARN_CONSTANT_CONVERSION = YES;
				CLANG_WARN_DEPRECATED_OBJC_IMPLEMENTATIONS = YES;
				CLANG_WARN_DIRECT_OBJC_ISA_USAGE = YES_ERROR;
				CLANG_WARN_DOCUMENTATION_COMMENTS = YES;
				CLANG_WARN_EMPTY_BODY = YES;
				CLANG_WARN_ENUM_CONVERSION = YES;
				CLANG_WARN_INFINITE_RECURSION = YES;
				CLANG_WARN_INT_CONVERSION = YES;
				CLANG_WARN_NON_LITERAL_NULL_CONVERSION = YES;
				CLANG_WARN_OBJC_IMPLICIT_RETAIN_SELF = YES;
				CLANG_WARN_OBJC_LITERAL_CONVERSION = YES;
				CLANG_WARN_OBJC_ROOT_CLASS = YES_ERROR;
				CLANG_WARN_RANGE_LOOP_ANALYSIS = YES;
				CLANG_WARN_STRICT_PROTOTYPES = YES;
				CLANG_WARN_SUSPICIOUS_MOVE = YES;
				CLANG_WARN_UNGUARDED_AVAILABILITY = YES_AGGRESSIVE;
				CLANG_WARN_UNREACHABLE_CODE = YES;
				CLANG_WARN__DUPLICATE_METHOD_MATCH = YES;
				COPY_PHASE_STRIP = NO;
				DEBUG_INFORMATION_FORMAT = "dwarf-with-dsym";
				ENABLE_NS_ASSERTIONS = NO;
				ENABLE_STRICT_OBJC_MSGSEND = YES;
				GCC_C_LANGUAGE_STANDARD = gnu11;
				GCC_NO_COMMON_BLOCKS = YES;
				GCC_WARN_64_TO_32_BIT_CONVERSION = YES;
				GCC_WARN_ABOUT_RETURN_TYPE = YES_ERROR;
				GCC_WARN_UNDECLARED_SELECTOR = YES;
				GCC_WARN_UNINITIALIZED_AUTOS = YES_AGGRESSIVE;
				GCC_WARN_UNUSED_FUNCTION = YES;
				GCC_WARN_UNUSED_VARIABLE = YES;
				IPHONEOS_DEPLOYMENT_TARGET = 13.2;
				MTL_ENABLE_DEBUG_INFO = NO;
				MTL_FAST_MATH = YES;
				SDKROOT = iphoneos;
				SWIFT_COMPILATION_MODE = wholemodule;
				SWIFT_OPTIMIZATION_LEVEL = "-O";
				VALIDATE_PRODUCT = YES;
			};
			name = Release;
		};
		27F7439123CCF80200254BCC /* Debug */ = {
			isa = XCBuildConfiguration;
			buildSettings = {
				ASSETCATALOG_COMPILER_APPICON_NAME = AppIcon;
				CODE_SIGN_STYLE = Automatic;
				DEVELOPMENT_ASSET_PATHS = "\"WeSplit/Preview Content\"";
				ENABLE_PREVIEWS = YES;
				INFOPLIST_FILE = WeSplit/Info.plist;
				LD_RUNPATH_SEARCH_PATHS = (
					"$(inherited)",
					"@executable_path/Frameworks",
				);
				PRODUCT_BUNDLE_IDENTIFIER = sew.WeSplit;
				PRODUCT_NAME = "$(TARGET_NAME)";
				SWIFT_VERSION = 5.0;
				TARGETED_DEVICE_FAMILY = "1,2";
			};
			name = Debug;
		};
		27F7439223CCF80200254BCC /* Release */ = {
			isa = XCBuildConfiguration;
			buildSettings = {
				ASSETCATALOG_COMPILER_APPICON_NAME = AppIcon;
				CODE_SIGN_STYLE = Automatic;
				DEVELOPMENT_ASSET_PATHS = "\"WeSplit/Preview Content\"";
				ENABLE_PREVIEWS = YES;
				INFOPLIST_FILE = WeSplit/Info.plist;
				LD_RUNPATH_SEARCH_PATHS = (
					"$(inherited)",
					"@executable_path/Frameworks",
				);
				PRODUCT_BUNDLE_IDENTIFIER = sew.WeSplit;
				PRODUCT_NAME = "$(TARGET_NAME)";
				SWIFT_VERSION = 5.0;
				TARGETED_DEVICE_FAMILY = "1,2";
			};
			name = Release;
		};
		27F7439423CCF80200254BCC /* Debug */ = {
			isa = XCBuildConfiguration;
			buildSettings = {
				ALWAYS_EMBED_SWIFT_STANDARD_LIBRARIES = YES;
				BUNDLE_LOADER = "$(TEST_HOST)";
				CODE_SIGN_STYLE = Automatic;
				INFOPLIST_FILE = WeSplitTests/Info.plist;
				IPHONEOS_DEPLOYMENT_TARGET = 13.2;
				LD_RUNPATH_SEARCH_PATHS = (
					"$(inherited)",
					"@executable_path/Frameworks",
					"@loader_path/Frameworks",
				);
				PRODUCT_BUNDLE_IDENTIFIER = sew.WeSplitTests;
				PRODUCT_NAME = "$(TARGET_NAME)";
				SWIFT_VERSION = 5.0;
				TARGETED_DEVICE_FAMILY = "1,2";
				TEST_HOST = "$(BUILT_PRODUCTS_DIR)/WeSplit.app/WeSplit";
			};
			name = Debug;
		};
		27F7439523CCF80200254BCC /* Release */ = {
			isa = XCBuildConfiguration;
			buildSettings = {
				ALWAYS_EMBED_SWIFT_STANDARD_LIBRARIES = YES;
				BUNDLE_LOADER = "$(TEST_HOST)";
				CODE_SIGN_STYLE = Automatic;
				INFOPLIST_FILE = WeSplitTests/Info.plist;
				IPHONEOS_DEPLOYMENT_TARGET = 13.2;
				LD_RUNPATH_SEARCH_PATHS = (
					"$(inherited)",
					"@executable_path/Frameworks",
					"@loader_path/Frameworks",
				);
				PRODUCT_BUNDLE_IDENTIFIER = sew.WeSplitTests;
				PRODUCT_NAME = "$(TARGET_NAME)";
				SWIFT_VERSION = 5.0;
				TARGETED_DEVICE_FAMILY = "1,2";
				TEST_HOST = "$(BUILT_PRODUCTS_DIR)/WeSplit.app/WeSplit";
			};
			name = Release;
		};
		27F7439723CCF80200254BCC /* Debug */ = {
			isa = XCBuildConfiguration;
			buildSettings = {
				ALWAYS_EMBED_SWIFT_STANDARD_LIBRARIES = YES;
				CODE_SIGN_STYLE = Automatic;
				INFOPLIST_FILE = WeSplitUITests/Info.plist;
				LD_RUNPATH_SEARCH_PATHS = (
					"$(inherited)",
					"@executable_path/Frameworks",
					"@loader_path/Frameworks",
				);
				PRODUCT_BUNDLE_IDENTIFIER = sew.WeSplitUITests;
				PRODUCT_NAME = "$(TARGET_NAME)";
				SWIFT_VERSION = 5.0;
				TARGETED_DEVICE_FAMILY = "1,2";
				TEST_TARGET_NAME = WeSplit;
			};
			name = Debug;
		};
		27F7439823CCF80200254BCC /* Release */ = {
			isa = XCBuildConfiguration;
			buildSettings = {
				ALWAYS_EMBED_SWIFT_STANDARD_LIBRARIES = YES;
				CODE_SIGN_STYLE = Automatic;
				INFOPLIST_FILE = WeSplitUITests/Info.plist;
				LD_RUNPATH_SEARCH_PATHS = (
					"$(inherited)",
					"@executable_path/Frameworks",
					"@loader_path/Frameworks",
				);
				PRODUCT_BUNDLE_IDENTIFIER = sew.WeSplitUITests;
				PRODUCT_NAME = "$(TARGET_NAME)";
				SWIFT_VERSION = 5.0;
				TARGETED_DEVICE_FAMILY = "1,2";
				TEST_TARGET_NAME = WeSplit;
			};
			name = Release;
		};
/* End XCBuildConfiguration section */

/* Begin XCConfigurationList section */
		27F7436123CCF80000254BCC /* Build configuration list for PBXProject "WeSplit" */ = {
			isa = XCConfigurationList;
			buildConfigurations = (
				27F7438E23CCF80200254BCC /* Debug */,
				27F7438F23CCF80200254BCC /* Release */,
			);
			defaultConfigurationIsVisible = 0;
			defaultConfigurationName = Release;
		};
		27F7439023CCF80200254BCC /* Build configuration list for PBXNativeTarget "WeSplit" */ = {
			isa = XCConfigurationList;
			buildConfigurations = (
				27F7439123CCF80200254BCC /* Debug */,
				27F7439223CCF80200254BCC /* Release */,
			);
			defaultConfigurationIsVisible = 0;
			defaultConfigurationName = Release;
		};
		27F7439323CCF80200254BCC /* Build configuration list for PBXNativeTarget "WeSplitTests" */ = {
			isa = XCConfigurationList;
			buildConfigurations = (
				27F7439423CCF80200254BCC /* Debug */,
				27F7439523CCF80200254BCC /* Release */,
			);
			defaultConfigurationIsVisible = 0;
			defaultConfigurationName = Release;
		};
		27F7439623CCF80200254BCC /* Build configuration list for PBXNativeTarget "WeSplitUITests" */ = {
			isa = XCConfigurationList;
			buildConfigurations = (
				27F7439723CCF80200254BCC /* Debug */,
				27F7439823CCF80200254BCC /* Release */,
			);
			defaultConfigurationIsVisible = 0;
			defaultConfigurationName = Release;
		};
/* End XCConfigurationList section */
	};
	rootObject = 27F7435E23CCF80000254BCC /* Project object */;
}
